// !$*UTF8*$!
{
	archiveVersion = 1;
	classes = {
	};
	objectVersion = 56;
	objects = {

/* Begin PBXBuildFile section */
		4D6FEAB229AD255C0058D604 /* AppDelegate.swift in Sources */ = {isa = PBXBuildFile; fileRef = 4D6FEAB129AD255C0058D604 /* AppDelegate.swift */; };
		4D6FEAB429AD255C0058D604 /* SceneDelegate.swift in Sources */ = {isa = PBXBuildFile; fileRef = 4D6FEAB329AD255C0058D604 /* SceneDelegate.swift */; };
		4D6FEAB629AD255C0058D604 /* ViewController.swift in Sources */ = {isa = PBXBuildFile; fileRef = 4D6FEAB529AD255C0058D604 /* ViewController.swift */; };
		4D6FEAB929AD255C0058D604 /* Main.storyboard in Resources */ = {isa = PBXBuildFile; fileRef = 4D6FEAB729AD255C0058D604 /* Main.storyboard */; };
		4D6FEABC29AD255C0058D604 /* TravelBook_Maps.xcdatamodeld in Sources */ = {isa = PBXBuildFile; fileRef = 4D6FEABA29AD255C0058D604 /* TravelBook_Maps.xcdatamodeld */; };
		4D6FEABE29AD255E0058D604 /* Assets.xcassets in Resources */ = {isa = PBXBuildFile; fileRef = 4D6FEABD29AD255E0058D604 /* Assets.xcassets */; };
		4D6FEAC129AD255E0058D604 /* LaunchScreen.storyboard in Resources */ = {isa = PBXBuildFile; fileRef = 4D6FEABF29AD255E0058D604 /* LaunchScreen.storyboard */; };
		4D83DA8F29B38EAB00D4B453 /* ListViewController.swift in Sources */ = {isa = PBXBuildFile; fileRef = 4D83DA8E29B38EAB00D4B453 /* ListViewController.swift */; };
/* End PBXBuildFile section */

/* Begin PBXFileReference section */
		4D6FEAAE29AD255C0058D604 /* TravelBook_Maps.app */ = {isa = PBXFileReference; explicitFileType = wrapper.application; includeInIndex = 0; path = TravelBook_Maps.app; sourceTree = BUILT_PRODUCTS_DIR; };
		4D6FEAB129AD255C0058D604 /* AppDelegate.swift */ = {isa = PBXFileReference; lastKnownFileType = sourcecode.swift; path = AppDelegate.swift; sourceTree = "<group>"; };
		4D6FEAB329AD255C0058D604 /* SceneDelegate.swift */ = {isa = PBXFileReference; lastKnownFileType = sourcecode.swift; path = SceneDelegate.swift; sourceTree = "<group>"; };
		4D6FEAB529AD255C0058D604 /* ViewController.swift */ = {isa = PBXFileReference; lastKnownFileType = sourcecode.swift; path = ViewController.swift; sourceTree = "<group>"; };
		4D6FEAB829AD255C0058D604 /* Base */ = {isa = PBXFileReference; lastKnownFileType = file.storyboard; name = Base; path = Base.lproj/Main.storyboard; sourceTree = "<group>"; };
		4D6FEABB29AD255C0058D604 /* TravelBook_Maps.xcdatamodel */ = {isa = PBXFileReference; lastKnownFileType = wrapper.xcdatamodel; path = TravelBook_Maps.xcdatamodel; sourceTree = "<group>"; };
		4D6FEABD29AD255E0058D604 /* Assets.xcassets */ = {isa = PBXFileReference; lastKnownFileType = folder.assetcatalog; path = Assets.xcassets; sourceTree = "<group>"; };
		4D6FEAC029AD255E0058D604 /* Base */ = {isa = PBXFileReference; lastKnownFileType = file.storyboard; name = Base; path = Base.lproj/LaunchScreen.storyboard; sourceTree = "<group>"; };
		4D6FEAC229AD255E0058D604 /* Info.plist */ = {isa = PBXFileReference; lastKnownFileType = text.plist.xml; path = Info.plist; sourceTree = "<group>"; };
		4D83DA8E29B38EAB00D4B453 /* ListViewController.swift */ = {isa = PBXFileReference; lastKnownFileType = sourcecode.swift; path = ListViewController.swift; sourceTree = "<group>"; };
/* End PBXFileReference section */

/* Begin PBXFrameworksBuildPhase section */
		4D6FEAAB29AD255C0058D604 /* Frameworks */ = {
			isa = PBXFrameworksBuildPhase;
			buildActionMask = 2147483647;
			files = (
			);
			runOnlyForDeploymentPostprocessing = 0;
		};
/* End PBXFrameworksBuildPhase section */

/* Begin PBXGroup section */
		4D6FEAA529AD255C0058D604 = {
			isa = PBXGroup;
			children = (
				4D6FEAB029AD255C0058D604 /* TravelBook_Maps */,
				4D6FEAAF29AD255C0058D604 /* Products */,
			);
			sourceTree = "<group>";
		};
		4D6FEAAF29AD255C0058D604 /* Products */ = {
			isa = PBXGroup;
			children = (
				4D6FEAAE29AD255C0058D604 /* TravelBook_Maps.app */,
			);
			name = Products;
			sourceTree = "<group>";
		};
		4D6FEAB029AD255C0058D604 /* TravelBook_Maps */ = {
			isa = PBXGroup;
			children = (
				4D6FEAB129AD255C0058D604 /* AppDelegate.swift */,
				4D6FEAB329AD255C0058D604 /* SceneDelegate.swift */,
				4D83DA8E29B38EAB00D4B453 /* ListViewController.swift */,
				4D6FEAB529AD255C0058D604 /* ViewController.swift */,
				4D6FEAB729AD255C0058D604 /* Main.storyboard */,
				4D6FEABD29AD255E0058D604 /* Assets.xcassets */,
				4D6FEABF29AD255E0058D604 /* LaunchScreen.storyboard */,
				4D6FEAC229AD255E0058D604 /* Info.plist */,
				4D6FEABA29AD255C0058D604 /* TravelBook_Maps.xcdatamodeld */,
			);
			path = TravelBook_Maps;
			sourceTree = "<group>";
		};
/* End PBXGroup section */

/* Begin PBXNativeTarget section */
		4D6FEAAD29AD255C0058D604 /* TravelBook_Maps */ = {
			isa = PBXNativeTarget;
			buildConfigurationList = 4D6FEAC529AD255E0058D604 /* Build configuration list for PBXNativeTarget "TravelBook_Maps" */;
			buildPhases = (
				4D6FEAAA29AD255C0058D604 /* Sources */,
				4D6FEAAB29AD255C0058D604 /* Frameworks */,
				4D6FEAAC29AD255C0058D604 /* Resources */,
			);
			buildRules = (
			);
			dependencies = (
			);
			name = TravelBook_Maps;
			productName = TravelBook_Maps;
			productReference = 4D6FEAAE29AD255C0058D604 /* TravelBook_Maps.app */;
			productType = "com.apple.product-type.application";
		};
/* End PBXNativeTarget section */

/* Begin PBXProject section */
		4D6FEAA629AD255C0058D604 /* Project object */ = {
			isa = PBXProject;
			attributes = {
				BuildIndependentTargetsInParallel = 1;
				LastSwiftUpdateCheck = 1420;
				LastUpgradeCheck = 1420;
				TargetAttributes = {
					4D6FEAAD29AD255C0058D604 = {
						CreatedOnToolsVersion = 14.2;
					};
				};
			};
			buildConfigurationList = 4D6FEAA929AD255C0058D604 /* Build configuration list for PBXProject "TravelBook_Maps" */;
			compatibilityVersion = "Xcode 14.0";
			developmentRegion = en;
			hasScannedForEncodings = 0;
			knownRegions = (
				en,
				Base,
			);
			mainGroup = 4D6FEAA529AD255C0058D604;
			productRefGroup = 4D6FEAAF29AD255C0058D604 /* Products */;
			projectDirPath = "";
			projectRoot = "";
			targets = (
				4D6FEAAD29AD255C0058D604 /* TravelBook_Maps */,
			);
		};
/* End PBXProject section */

/* Begin PBXResourcesBuildPhase section */
		4D6FEAAC29AD255C0058D604 /* Resources */ = {
			isa = PBXResourcesBuildPhase;
			buildActionMask = 2147483647;
			files = (
				4D6FEAC129AD255E0058D604 /* LaunchScreen.storyboard in Resources */,
				4D6FEABE29AD255E0058D604 /* Assets.xcassets in Resources */,
				4D6FEAB929AD255C0058D604 /* Main.storyboard in Resources */,
			);
			runOnlyForDeploymentPostprocessing = 0;
		};
/* End PBXResourcesBuildPhase section */

/* Begin PBXSourcesBuildPhase section */
		4D6FEAAA29AD255C0058D604 /* Sources */ = {
			isa = PBXSourcesBuildPhase;
			buildActionMask = 2147483647;
			files = (
				4D6FEAB629AD255C0058D604 /* ViewController.swift in Sources */,
				4D6FEABC29AD255C0058D604 /* TravelBook_Maps.xcdatamodeld in Sources */,
				4D6FEAB229AD255C0058D604 /* AppDelegate.swift in Sources */,
				4D83DA8F29B38EAB00D4B453 /* ListViewController.swift in Sources */,
				4D6FEAB429AD255C0058D604 /* SceneDelegate.swift in Sources */,
			);
			runOnlyForDeploymentPostprocessing = 0;
		};
/* End PBXSourcesBuildPhase section */

/* Begin PBXVariantGroup section */
		4D6FEAB729AD255C0058D604 /* Main.storyboard */ = {
			isa = PBXVariantGroup;
			children = (
				4D6FEAB829AD255C0058D604 /* Base */,
			);
			name = Main.storyboard;
			sourceTree = "<group>";
		};
		4D6FEABF29AD255E0058D604 /* LaunchScreen.storyboard */ = {
			isa = PBXVariantGroup;
			children = (
				4D6FEAC029AD255E0058D604 /* Base */,
			);
			name = LaunchScreen.storyboard;
			sourceTree = "<group>";
		};
/* End PBXVariantGroup section */

/* Begin XCBuildConfiguration section */
		4D6FEAC329AD255E0058D604 /* Debug */ = {
			isa = XCBuildConfiguration;
			buildSettings = {
				ALWAYS_SEARCH_USER_PATHS = NO;
				CLANG_ANALYZER_NONNULL = YES;
				CLANG_ANALYZER_NUMBER_OBJECT_CONVERSION = YES_AGGRESSIVE;
				CLANG_CXX_LANGUAGE_STANDARD = "gnu++20";
				CLANG_ENABLE_MODULES = YES;
				CLANG_ENABLE_OBJC_ARC = YES;
				CLANG_ENABLE_OBJC_WEAK = YES;
				CLANG_WARN_BLOCK_CAPTURE_AUTORELEASING = YES;
				CLANG_WARN_BOOL_CONVERSION = YES;
				CLANG_WARN_COMMA = YES;
				CLANG_WARN_CONSTANT_CONVERSION = YES;
				CLANG_WARN_DEPRECATED_OBJC_IMPLEMENTATIONS = YES;
				CLANG_WARN_DIRECT_OBJC_ISA_USAGE = YES_ERROR;
				CLANG_WARN_DOCUMENTATION_COMMENTS = YES;
				CLANG_WARN_EMPTY_BODY = YES;
				CLANG_WARN_ENUM_CONVERSION = YES;
				CLANG_WARN_INFINITE_RECURSION = YES;
				CLANG_WARN_INT_CONVERSION = YES;
				CLANG_WARN_NON_LITERAL_NULL_CONVERSION = YES;
				CLANG_WARN_OBJC_IMPLICIT_RETAIN_SELF = YES;
				CLANG_WARN_OBJC_LITERAL_CONVERSION = YES;
				CLANG_WARN_OBJC_ROOT_CLASS = YES_ERROR;
				CLANG_WARN_QUOTED_INCLUDE_IN_FRAMEWORK_HEADER = YES;
				CLANG_WARN_RANGE_LOOP_ANALYSIS = YES;
				CLANG_WARN_STRICT_PROTOTYPES = YES;
				CLANG_WARN_SUSPICIOUS_MOVE = YES;
				CLANG_WARN_UNGUARDED_AVAILABILITY = YES_AGGRESSIVE;
				CLANG_WARN_UNREACHABLE_CODE = YES;
				CLANG_WARN__DUPLICATE_METHOD_MATCH = YES;
				COPY_PHASE_STRIP = NO;
				DEBUG_INFORMATION_FORMAT = dwarf;
				ENABLE_STRICT_OBJC_MSGSEND = YES;
				ENABLE_TESTABILITY = YES;
				GCC_C_LANGUAGE_STANDARD = gnu11;
				GCC_DYNAMIC_NO_PIC = NO;
				GCC_NO_COMMON_BLOCKS = YES;
				GCC_OPTIMIZATION_LEVEL = 0;
				GCC_PREPROCESSOR_DEFINITIONS = (
					"DEBUG=1",
					"$(inherited)",
				);
				GCC_WARN_64_TO_32_BIT_CONVERSION = YES;
				GCC_WARN_ABOUT_RETURN_TYPE = YES_ERROR;
				GCC_WARN_UNDECLARED_SELECTOR = YES;
				GCC_WARN_UNINITIALIZED_AUTOS = YES_AGGRESSIVE;
				GCC_WARN_UNUSED_FUNCTION = YES;
				GCC_WARN_UNUSED_VARIABLE = YES;
				IPHONEOS_DEPLOYMENT_TARGET = 16.2;
				MTL_ENABLE_DEBUG_INFO = INCLUDE_SOURCE;
				MTL_FAST_MATH = YES;
				ONLY_ACTIVE_ARCH = YES;
				SDKROOT = iphoneos;
				SWIFT_ACTIVE_COMPILATION_CONDITIONS = DEBUG;
				SWIFT_OPTIMIZATION_LEVEL = "-Onone";
			};
			name = Debug;
		};
		4D6FEAC429AD255E0058D604 /* Release */ = {
			isa = XCBuildConfiguration;
			buildSettings = {
				ALWAYS_SEARCH_USER_PATHS = NO;
				CLANG_ANALYZER_NONNULL = YES;
				CLANG_ANALYZER_NUMBER_OBJECT_CONVERSION = YES_AGGRESSIVE;
				CLANG_CXX_LANGUAGE_STANDARD = "gnu++20";
				CLANG_ENABLE_MODULES = YES;
				CLANG_ENABLE_OBJC_ARC = YES;
				CLANG_ENABLE_OBJC_WEAK = YES;
				CLANG_WARN_BLOCK_CAPTURE_AUTORELEASING = YES;
				CLANG_WARN_BOOL_CONVERSION = YES;
				CLANG_WARN_COMMA = YES;
				CLANG_WARN_CONSTANT_CONVERSION = YES;
				CLANG_WARN_DEPRECATED_OBJC_IMPLEMENTATIONS = YES;
				CLANG_WARN_DIRECT_OBJC_ISA_USAGE = YES_ERROR;
				CLANG_WARN_DOCUMENTATION_COMMENTS = YES;
				CLANG_WARN_EMPTY_BODY = YES;
				CLANG_WARN_ENUM_CONVERSION = YES;
				CLANG_WARN_INFINITE_RECURSION = YES;
				CLANG_WARN_INT_CONVERSION = YES;
				CLANG_WARN_NON_LITERAL_NULL_CONVERSION = YES;
				CLANG_WARN_OBJC_IMPLICIT_RETAIN_SELF = YES;
				CLANG_WARN_OBJC_LITERAL_CONVERSION = YES;
				CLANG_WARN_OBJC_ROOT_CLASS = YES_ERROR;
				CLANG_WARN_QUOTED_INCLUDE_IN_FRAMEWORK_HEADER = YES;
				CLANG_WARN_RANGE_LOOP_ANALYSIS = YES;
				CLANG_WARN_STRICT_PROTOTYPES = YES;
				CLANG_WARN_SUSPICIOUS_MOVE = YES;
				CLANG_WARN_UNGUARDED_AVAILABILITY = YES_AGGRESSIVE;
				CLANG_WARN_UNREACHABLE_CODE = YES;
				CLANG_WARN__DUPLICATE_METHOD_MATCH = YES;
				COPY_PHASE_STRIP = NO;
				DEBUG_INFORMATION_FORMAT = "dwarf-with-dsym";
				ENABLE_NS_ASSERTIONS = NO;
				ENABLE_STRICT_OBJC_MSGSEND = YES;
				GCC_C_LANGUAGE_STANDARD = gnu11;
				GCC_NO_COMMON_BLOCKS = YES;
				GCC_WARN_64_TO_32_BIT_CONVERSION = YES;
				GCC_WARN_ABOUT_RETURN_TYPE = YES_ERROR;
				GCC_WARN_UNDECLARED_SELECTOR = YES;
				GCC_WARN_UNINITIALIZED_AUTOS = YES_AGGRESSIVE;
				GCC_WARN_UNUSED_FUNCTION = YES;
				GCC_WARN_UNUSED_VARIABLE = YES;
				IPHONEOS_DEPLOYMENT_TARGET = 16.2;
				MTL_ENABLE_DEBUG_INFO = NO;
				MTL_FAST_MATH = YES;
				SDKROOT = iphoneos;
				SWIFT_COMPILATION_MODE = wholemodule;
				SWIFT_OPTIMIZATION_LEVEL = "-O";
				VALIDATE_PRODUCT = YES;
			};
			name = Release;
		};
		4D6FEAC629AD255E0058D604 /* Debug */ = {
			isa = XCBuildConfiguration;
			buildSettings = {
				ASSETCATALOG_COMPILER_APPICON_NAME = AppIcon;
				ASSETCATALOG_COMPILER_GLOBAL_ACCENT_COLOR_NAME = AccentColor;
				CODE_SIGN_STYLE = Automatic;
				CURRENT_PROJECT_VERSION = 1;
				DEVELOPMENT_TEAM = 9YC9KQXPG5;
				GENERATE_INFOPLIST_FILE = YES;
				INFOPLIST_FILE = TravelBook_Maps/Info.plist;
				INFOPLIST_KEY_UIApplicationSupportsIndirectInputEvents = YES;
				INFOPLIST_KEY_UILaunchStoryboardName = LaunchScreen;
				INFOPLIST_KEY_UIMainStoryboardFile = Main;
				INFOPLIST_KEY_UISupportedInterfaceOrientations_iPad = "UIInterfaceOrientationPortrait UIInterfaceOrientationPortraitUpsideDown UIInterfaceOrientationLandscapeLeft UIInterfaceOrientationLandscapeRight";
				INFOPLIST_KEY_UISupportedInterfaceOrientations_iPhone = "UIInterfaceOrientationPortrait UIInterfaceOrientationLandscapeLeft UIInterfaceOrientationLandscapeRight";
				LD_RUNPATH_SEARCH_PATHS = (
					"$(inherited)",
					"@executable_path/Frameworks",
				);
				MARKETING_VERSION = 1.0;
				PRODUCT_BUNDLE_IDENTIFIER = "com.sarthakgoel.TravelBook-Maps";
				PRODUCT_NAME = "$(TARGET_NAME)";
				SWIFT_EMIT_LOC_STRINGS = YES;
				SWIFT_VERSION = 5.0;
				TARGETED_DEVICE_FAMILY = "1,2";
			};
			name = Debug;
		};
		4D6FEAC729AD255E0058D604 /* Release */ = {
			isa = XCBuildConfiguration;
			buildSettings = {
				ASSETCATALOG_COMPILER_APPICON_NAME = AppIcon;
				ASSETCATALOG_COMPILER_GLOBAL_ACCENT_COLOR_NAME = AccentColor;
				CODE_SIGN_STYLE = Automatic;
				CURRENT_PROJECT_VERSION = 1;
				DEVELOPMENT_TEAM = 9YC9KQXPG5;
				GENERATE_INFOPLIST_FILE = YES;
				INFOPLIST_FILE = TravelBook_Maps/Info.plist;
				INFOPLIST_KEY_UIApplicationSupportsIndirectInputEvents = YES;
				INFOPLIST_KEY_UILaunchStoryboardName = LaunchScreen;
				INFOPLIST_KEY_UIMainStoryboardFile = Main;
				INFOPLIST_KEY_UISupportedInterfaceOrientations_iPad = "UIInterfaceOrientationPortrait UIInterfaceOrientationPortraitUpsideDown UIInterfaceOrientationLandscapeLeft UIInterfaceOrientationLandscapeRight";
				INFOPLIST_KEY_UISupportedInterfaceOrientations_iPhone = "UIInterfaceOrientationPortrait UIInterfaceOrientationLandscapeLeft UIInterfaceOrientationLandscapeRight";
				LD_RUNPATH_SEARCH_PATHS = (
					"$(inherited)",
					"@executable_path/Frameworks",
				);
				MARKETING_VERSION = 1.0;
				PRODUCT_BUNDLE_IDENTIFIER = "com.sarthakgoel.TravelBook-Maps";
				PRODUCT_NAME = "$(TARGET_NAME)";
				SWIFT_EMIT_LOC_STRINGS = YES;
				SWIFT_VERSION = 5.0;
				TARGETED_DEVICE_FAMILY = "1,2";
			};
			name = Release;
		};
/* End XCBuildConfiguration section */

/* Begin XCConfigurationList section */
		4D6FEAA929AD255C0058D604 /* Build configuration list for PBXProject "TravelBook_Maps" */ = {
			isa = XCConfigurationList;
			buildConfigurations = (
				4D6FEAC329AD255E0058D604 /* Debug */,
				4D6FEAC429AD255E0058D604 /* Release */,
			);
			defaultConfigurationIsVisible = 0;
			defaultConfigurationName = Release;
		};
		4D6FEAC529AD255E0058D604 /* Build configuration list for PBXNativeTarget "TravelBook_Maps" */ = {
			isa = XCConfigurationList;
			buildConfigurations = (
				4D6FEAC629AD255E0058D604 /* Debug */,
				4D6FEAC729AD255E0058D604 /* Release */,
			);
			defaultConfigurationIsVisible = 0;
			defaultConfigurationName = Release;
		};
/* End XCConfigurationList section */

/* Begin XCVersionGroup section */
		4D6FEABA29AD255C0058D604 /* TravelBook_Maps.xcdatamodeld */ = {
			isa = XCVersionGroup;
			children = (
				4D6FEABB29AD255C0058D604 /* TravelBook_Maps.xcdatamodel */,
			);
			currentVersion = 4D6FEABB29AD255C0058D604 /* TravelBook_Maps.xcdatamodel */;
			path = TravelBook_Maps.xcdatamodeld;
			sourceTree = "<group>";
			versionGroupType = wrapper.xcdatamodel;
		};
/* End XCVersionGroup section */
	};
	rootObject = 4D6FEAA629AD255C0058D604 /* Project object */;
}
